
Microsoft Visual Studio Solution File, Format Version 12.00
# Visual Studio Version 17
VisualStudioVersion = 17.1.32414.318
MinimumVisualStudioVersion = 10.0.40219.1
Project("{FAE04EC0-301F-11D3-BF4B-00C04F79EFBC}") = "AutoBar.Android", "AutoBar\AutoBar.Android\AutoBar.Android.csproj", "{AE13C453-7490-4819-A22B-A561B4BABB12}"
EndProject
Project("{FAE04EC0-301F-11D3-BF4B-00C04F79EFBC}") = "AutoBar.iOS", "AutoBar\AutoBar.iOS\AutoBar.iOS.csproj", "{840C19E6-A36F-452D-B4DC-2A863488798A}"
EndProject
Project("{9A19103F-16F7-4668-BE54-9A1E7A4F7556}") = "AutoBar", "AutoBar\AutoBar\AutoBar.csproj", "{CB1D0FC3-F40F-42A3-8180-7F26294E3F07}"
EndProject
Project("{9A19103F-16F7-4668-BE54-9A1E7A4F7556}") = "AutoBarBar", "AutoBar\AutoBarBar\AutoBarBar.csproj", "{AF048666-AD9F-47EB-9184-37CBD838360B}"
EndProject
Project("{FAE04EC0-301F-11D3-BF4B-00C04F79EFBC}") = "AutoBarBar.Android", "AutoBar\AutoBarBar.Android\AutoBarBar.Android.csproj", "{3953FE1B-599B-4CCC-B633-A17EF3B40634}"
EndProject
Project("{FAE04EC0-301F-11D3-BF4B-00C04F79EFBC}") = "AutoBarBar.iOS", "AutoBar\AutoBarBar.iOS\AutoBarBar.iOS.csproj", "{24700058-D351-4CD9-8886-87DA07B084BE}"
EndProject
Global
	GlobalSection(SolutionConfigurationPlatforms) = preSolution
		Debug|Any CPU = Debug|Any CPU
		Debug|iPhone = Debug|iPhone
		Debug|iPhoneSimulator = Debug|iPhoneSimulator
		Release|Any CPU = Release|Any CPU
		Release|iPhone = Release|iPhone
		Release|iPhoneSimulator = Release|iPhoneSimulator
	EndGlobalSection
	GlobalSection(ProjectConfigurationPlatforms) = postSolution
		{AE13C453-7490-4819-A22B-A561B4BABB12}.Debug|Any CPU.ActiveCfg = Debug|Any CPU
		{AE13C453-7490-4819-A22B-A561B4BABB12}.Debug|Any CPU.Build.0 = Debug|Any CPU
		{AE13C453-7490-4819-A22B-A561B4BABB12}.Debug|Any CPU.Deploy.0 = Debug|Any CPU
		{AE13C453-7490-4819-A22B-A561B4BABB12}.Debug|iPhone.ActiveCfg = Debug|Any CPU
		{AE13C453-7490-4819-A22B-A561B4BABB12}.Debug|iPhone.Build.0 = Debug|Any CPU
		{AE13C453-7490-4819-A22B-A561B4BABB12}.Debug|iPhone.Deploy.0 = Debug|Any CPU
		{AE13C453-7490-4819-A22B-A561B4BABB12}.Debug|iPhoneSimulator.ActiveCfg = Debug|Any CPU
		{AE13C453-7490-4819-A22B-A561B4BABB12}.Debug|iPhoneSimulator.Build.0 = Debug|Any CPU
		{AE13C453-7490-4819-A22B-A561B4BABB12}.Debug|iPhoneSimulator.Deploy.0 = Debug|Any CPU
		{AE13C453-7490-4819-A22B-A561B4BABB12}.Release|Any CPU.ActiveCfg = Release|Any CPU
		{AE13C453-7490-4819-A22B-A561B4BABB12}.Release|Any CPU.Build.0 = Release|Any CPU
		{AE13C453-7490-4819-A22B-A561B4BABB12}.Release|Any CPU.Deploy.0 = Release|Any CPU
		{AE13C453-7490-4819-A22B-A561B4BABB12}.Release|iPhone.ActiveCfg = Release|Any CPU
		{AE13C453-7490-4819-A22B-A561B4BABB12}.Release|iPhone.Build.0 = Release|Any CPU
		{AE13C453-7490-4819-A22B-A561B4BABB12}.Release|iPhone.Deploy.0 = Release|Any CPU
		{AE13C453-7490-4819-A22B-A561B4BABB12}.Release|iPhoneSimulator.ActiveCfg = Release|Any CPU
		{AE13C453-7490-4819-A22B-A561B4BABB12}.Release|iPhoneSimulator.Build.0 = Release|Any CPU
		{AE13C453-7490-4819-A22B-A561B4BABB12}.Release|iPhoneSimulator.Deploy.0 = Release|Any CPU
		{840C19E6-A36F-452D-B4DC-2A863488798A}.Debug|Any CPU.ActiveCfg = Debug|iPhone
		{840C19E6-A36F-452D-B4DC-2A863488798A}.Debug|Any CPU.Build.0 = Debug|iPhone
		{840C19E6-A36F-452D-B4DC-2A863488798A}.Debug|Any CPU.Deploy.0 = Debug|iPhone
		{840C19E6-A36F-452D-B4DC-2A863488798A}.Debug|iPhone.ActiveCfg = Debug|iPhone
		{840C19E6-A36F-452D-B4DC-2A863488798A}.Debug|iPhone.Build.0 = Debug|iPhone
		{840C19E6-A36F-452D-B4DC-2A863488798A}.Debug|iPhone.Deploy.0 = Debug|iPhone
		{840C19E6-A36F-452D-B4DC-2A863488798A}.Debug|iPhoneSimulator.ActiveCfg = Debug|iPhoneSimulator
		{840C19E6-A36F-452D-B4DC-2A863488798A}.Debug|iPhoneSimulator.Build.0 = Debug|iPhoneSimulator
		{840C19E6-A36F-452D-B4DC-2A863488798A}.Debug|iPhoneSimulator.Deploy.0 = Debug|iPhoneSimulator
		{840C19E6-A36F-452D-B4DC-2A863488798A}.Release|Any CPU.ActiveCfg = Release|iPhoneSimulator
		{840C19E6-A36F-452D-B4DC-2A863488798A}.Release|Any CPU.Build.0 = Release|iPhoneSimulator
		{840C19E6-A36F-452D-B4DC-2A863488798A}.Release|Any CPU.Deploy.0 = Release|iPhoneSimulator
		{840C19E6-A36F-452D-B4DC-2A863488798A}.Release|iPhone.ActiveCfg = Release|iPhone
		{840C19E6-A36F-452D-B4DC-2A863488798A}.Release|iPhone.Build.0 = Release|iPhone
		{840C19E6-A36F-452D-B4DC-2A863488798A}.Release|iPhone.Deploy.0 = Release|iPhone
		{840C19E6-A36F-452D-B4DC-2A863488798A}.Release|iPhoneSimulator.ActiveCfg = Release|iPhoneSimulator
		{840C19E6-A36F-452D-B4DC-2A863488798A}.Release|iPhoneSimulator.Build.0 = Release|iPhoneSimulator
		{840C19E6-A36F-452D-B4DC-2A863488798A}.Release|iPhoneSimulator.Deploy.0 = Release|iPhoneSimulator
		{CB1D0FC3-F40F-42A3-8180-7F26294E3F07}.Debug|Any CPU.ActiveCfg = Debug|Any CPU
		{CB1D0FC3-F40F-42A3-8180-7F26294E3F07}.Debug|Any CPU.Build.0 = Debug|Any CPU
		{CB1D0FC3-F40F-42A3-8180-7F26294E3F07}.Debug|Any CPU.Deploy.0 = Debug|Any CPU
		{CB1D0FC3-F40F-42A3-8180-7F26294E3F07}.Debug|iPhone.ActiveCfg = Debug|Any CPU
		{CB1D0FC3-F40F-42A3-8180-7F26294E3F07}.Debug|iPhone.Build.0 = Debug|Any CPU
		{CB1D0FC3-F40F-42A3-8180-7F26294E3F07}.Debug|iPhone.Deploy.0 = Debug|Any CPU
		{CB1D0FC3-F40F-42A3-8180-7F26294E3F07}.Debug|iPhoneSimulator.ActiveCfg = Debug|Any CPU
		{CB1D0FC3-F40F-42A3-8180-7F26294E3F07}.Debug|iPhoneSimulator.Build.0 = Debug|Any CPU
		{CB1D0FC3-F40F-42A3-8180-7F26294E3F07}.Debug|iPhoneSimulator.Deploy.0 = Debug|Any CPU
		{CB1D0FC3-F40F-42A3-8180-7F26294E3F07}.Release|Any CPU.ActiveCfg = Release|Any CPU
		{CB1D0FC3-F40F-42A3-8180-7F26294E3F07}.Release|Any CPU.Build.0 = Release|Any CPU
		{CB1D0FC3-F40F-42A3-8180-7F26294E3F07}.Release|Any CPU.Deploy.0 = Release|Any CPU
		{CB1D0FC3-F40F-42A3-8180-7F26294E3F07}.Release|iPhone.ActiveCfg = Release|Any CPU
		{CB1D0FC3-F40F-42A3-8180-7F26294E3F07}.Release|iPhone.Build.0 = Release|Any CPU
		{CB1D0FC3-F40F-42A3-8180-7F26294E3F07}.Release|iPhone.Deploy.0 = Release|Any CPU
		{CB1D0FC3-F40F-42A3-8180-7F26294E3F07}.Release|iPhoneSimulator.ActiveCfg = Release|Any CPU
		{CB1D0FC3-F40F-42A3-8180-7F26294E3F07}.Release|iPhoneSimulator.Build.0 = Release|Any CPU
		{CB1D0FC3-F40F-42A3-8180-7F26294E3F07}.Release|iPhoneSimulator.Deploy.0 = Release|Any CPU
		{AF048666-AD9F-47EB-9184-37CBD838360B}.Debug|Any CPU.ActiveCfg = Debug|Any CPU
		{AF048666-AD9F-47EB-9184-37CBD838360B}.Debug|Any CPU.Build.0 = Debug|Any CPU
		{AF048666-AD9F-47EB-9184-37CBD838360B}.Debug|iPhone.ActiveCfg = Debug|Any CPU
		{AF048666-AD9F-47EB-9184-37CBD838360B}.Debug|iPhone.Build.0 = Debug|Any CPU
		{AF048666-AD9F-47EB-9184-37CBD838360B}.Debug|iPhoneSimulator.ActiveCfg = Debug|Any CPU
		{AF048666-AD9F-47EB-9184-37CBD838360B}.Debug|iPhoneSimulator.Build.0 = Debug|Any CPU
		{AF048666-AD9F-47EB-9184-37CBD838360B}.Release|Any CPU.ActiveCfg = Release|Any CPU
		{AF048666-AD9F-47EB-9184-37CBD838360B}.Release|Any CPU.Build.0 = Release|Any CPU
		{AF048666-AD9F-47EB-9184-37CBD838360B}.Release|iPhone.ActiveCfg = Release|Any CPU
		{AF048666-AD9F-47EB-9184-37CBD838360B}.Release|iPhone.Build.0 = Release|Any CPU
		{AF048666-AD9F-47EB-9184-37CBD838360B}.Release|iPhoneSimulator.ActiveCfg = Release|Any CPU
		{AF048666-AD9F-47EB-9184-37CBD838360B}.Release|iPhoneSimulator.Build.0 = Release|Any CPU
		{3953FE1B-599B-4CCC-B633-A17EF3B40634}.Debug|Any CPU.ActiveCfg = Debug|Any CPU
		{3953FE1B-599B-4CCC-B633-A17EF3B40634}.Debug|Any CPU.Build.0 = Debug|Any CPU
		{3953FE1B-599B-4CCC-B633-A17EF3B40634}.Debug|Any CPU.Deploy.0 = Debug|Any CPU
		{3953FE1B-599B-4CCC-B633-A17EF3B40634}.Debug|iPhone.ActiveCfg = Debug|Any CPU
		{3953FE1B-599B-4CCC-B633-A17EF3B40634}.Debug|iPhone.Build.0 = Debug|Any CPU
		{3953FE1B-599B-4CCC-B633-A17EF3B40634}.Debug|iPhone.Deploy.0 = Debug|Any CPU
		{3953FE1B-599B-4CCC-B633-A17EF3B40634}.Debug|iPhoneSimulator.ActiveCfg = Debug|Any CPU
		{3953FE1B-599B-4CCC-B633-A17EF3B40634}.Debug|iPhoneSimulator.Build.0 = Debug|Any CPU
		{3953FE1B-599B-4CCC-B633-A17EF3B40634}.Debug|iPhoneSimulator.Deploy.0 = Debug|Any CPU
		{3953FE1B-599B-4CCC-B633-A17EF3B40634}.Release|Any CPU.ActiveCfg = Release|Any CPU
		{3953FE1B-599B-4CCC-B633-A17EF3B40634}.Release|Any CPU.Build.0 = Release|Any CPU
		{3953FE1B-599B-4CCC-B633-A17EF3B40634}.Release|Any CPU.Deploy.0 = Release|Any CPU
		{3953FE1B-599B-4CCC-B633-A17EF3B40634}.Release|iPhone.ActiveCfg = Release|Any CPU
		{3953FE1B-599B-4CCC-B633-A17EF3B40634}.Release|iPhone.Build.0 = Release|Any CPU
		{3953FE1B-599B-4CCC-B633-A17EF3B40634}.Release|iPhone.Deploy.0 = Release|Any CPU
		{3953FE1B-599B-4CCC-B633-A17EF3B40634}.Release|iPhoneSimulator.ActiveCfg = Release|Any CPU
		{3953FE1B-599B-4CCC-B633-A17EF3B40634}.Release|iPhoneSimulator.Build.0 = Release|Any CPU
		{3953FE1B-599B-4CCC-B633-A17EF3B40634}.Release|iPhoneSimulator.Deploy.0 = Release|Any CPU
		{24700058-D351-4CD9-8886-87DA07B084BE}.Debug|Any CPU.ActiveCfg = Debug|iPhoneSimulator
		{24700058-D351-4CD9-8886-87DA07B084BE}.Debug|Any CPU.Build.0 = Debug|iPhoneSimulator
		{24700058-D351-4CD9-8886-87DA07B084BE}.Debug|iPhone.ActiveCfg = Debug|iPhone
		{24700058-D351-4CD9-8886-87DA07B084BE}.Debug|iPhone.Build.0 = Debug|iPhone
		{24700058-D351-4CD9-8886-87DA07B084BE}.Debug|iPhoneSimulator.ActiveCfg = Debug|iPhoneSimulator
		{24700058-D351-4CD9-8886-87DA07B084BE}.Debug|iPhoneSimulator.Build.0 = Debug|iPhoneSimulator
		{24700058-D351-4CD9-8886-87DA07B084BE}.Release|Any CPU.ActiveCfg = Release|iPhoneSimulator
		{24700058-D351-4CD9-8886-87DA07B084BE}.Release|Any CPU.Build.0 = Release|iPhoneSimulator
		{24700058-D351-4CD9-8886-87DA07B084BE}.Release|iPhone.ActiveCfg = Release|iPhone
		{24700058-D351-4CD9-8886-87DA07B084BE}.Release|iPhone.Build.0 = Release|iPhone
		{24700058-D351-4CD9-8886-87DA07B084BE}.Release|iPhoneSimulator.ActiveCfg = Release|iPhoneSimulator
		{24700058-D351-4CD9-8886-87DA07B084BE}.Release|iPhoneSimulator.Build.0 = Release|iPhoneSimulator
	EndGlobalSection
	GlobalSection(SolutionProperties) = preSolution
		HideSolutionNode = FALSE
	EndGlobalSection
	GlobalSection(ExtensibilityGlobals) = postSolution
		SolutionGuid = {911C6BA9-CCC0-4A43-9C6A-6B9CAF04D27A}
	EndGlobalSection
EndGlobal
